
Microsoft Visual Studio Solution File, Format Version 12.00
# Visual Studio Version 17
VisualStudioVersion = 17.13.35818.85 d17.13
MinimumVisualStudioVersion = 10.0.40219.1
Project("{FAE04EC0-301F-11D3-BF4B-00C04F79EFBC}") = "PryPueblox", "PryPueblox.csproj", "{EC4905E6-4BB6-48CB-9381-B57C504AC2AB}"
EndProject
Global
	GlobalSection(SolutionConfigurationPlatforms) = preSolution
		Debug|Any CPU = Debug|Any CPU
		Release|Any CPU = Release|Any CPU
	EndGlobalSection
	GlobalSection(ProjectConfigurationPlatforms) = postSolution
		{EC4905E6-4BB6-48CB-9381-B57C504AC2AB}.Debug|Any CPU.ActiveCfg = Debug|Any CPU
		{EC4905E6-4BB6-48CB-9381-B57C504AC2AB}.Debug|Any CPU.Build.0 = Debug|Any CPU
		{EC4905E6-4BB6-48CB-9381-B57C504AC2AB}.Release|Any CPU.ActiveCfg = Release|Any CPU
		{EC4905E6-4BB6-48CB-9381-B57C504AC2AB}.Release|Any CPU.Build.0 = Release|Any CPU
	EndGlobalSection
	GlobalSection(SolutionProperties) = preSolution
		HideSolutionNode = FALSE
	EndGlobalSection
	GlobalSection(ExtensibilityGlobals) = postSolution
		SolutionGuid = {9D69F692-5EC7-4336-A8B4-5E08C7FC3A25}
	EndGlobalSection
EndGlobal
